// !$*UTF8*$!
{
	archiveVersion = 1;
	classes = {
	};
	objectVersion = 46;
	objects = {

/* Begin PBXBuildFile section */
		F8E3C4711AC49F6200FF35B7 /* Foundation.framework in Frameworks */ = {isa = PBXBuildFile; fileRef = F8E3C4701AC49F6200FF35B7 /* Foundation.framework */; };
		F8E3C4731AC49F6200FF35B7 /* CoreGraphics.framework in Frameworks */ = {isa = PBXBuildFile; fileRef = F8E3C4721AC49F6200FF35B7 /* CoreGraphics.framework */; };
		F8E3C4751AC49F6200FF35B7 /* UIKit.framework in Frameworks */ = {isa = PBXBuildFile; fileRef = F8E3C4741AC49F6200FF35B7 /* UIKit.framework */; };
		F8E3C47B1AC49F6200FF35B7 /* InfoPlist.strings in Resources */ = {isa = PBXBuildFile; fileRef = F8E3C4791AC49F6200FF35B7 /* InfoPlist.strings */; };
		F8E3C47D1AC49F6200FF35B7 /* main.m in Sources */ = {isa = PBXBuildFile; fileRef = F8E3C47C1AC49F6200FF35B7 /* main.m */; };
		F8E3C4811AC49F6200FF35B7 /* CCAppDelegate.m in Sources */ = {isa = PBXBuildFile; fileRef = F8E3C4801AC49F6200FF35B7 /* CCAppDelegate.m */; };
		F8E3C4841AC49F6200FF35B7 /* Main.storyboard in Resources */ = {isa = PBXBuildFile; fileRef = F8E3C4821AC49F6200FF35B7 /* Main.storyboard */; };
		F8E3C4871AC49F6200FF35B7 /* CCFirstViewController.m in Sources */ = {isa = PBXBuildFile; fileRef = F8E3C4861AC49F6200FF35B7 /* CCFirstViewController.m */; };
		F8E3C48A1AC49F6200FF35B7 /* CCSecondViewController.m in Sources */ = {isa = PBXBuildFile; fileRef = F8E3C4891AC49F6200FF35B7 /* CCSecondViewController.m */; };
		F8E3C48C1AC49F6200FF35B7 /* Images.xcassets in Resources */ = {isa = PBXBuildFile; fileRef = F8E3C48B1AC49F6200FF35B7 /* Images.xcassets */; };
		F8E3C4931AC49F6200FF35B7 /* XCTest.framework in Frameworks */ = {isa = PBXBuildFile; fileRef = F8E3C4921AC49F6200FF35B7 /* XCTest.framework */; };
		F8E3C4941AC49F6200FF35B7 /* Foundation.framework in Frameworks */ = {isa = PBXBuildFile; fileRef = F8E3C4701AC49F6200FF35B7 /* Foundation.framework */; };
		F8E3C4951AC49F6200FF35B7 /* UIKit.framework in Frameworks */ = {isa = PBXBuildFile; fileRef = F8E3C4741AC49F6200FF35B7 /* UIKit.framework */; };
		F8E3C49D1AC49F6200FF35B7 /* InfoPlist.strings in Resources */ = {isa = PBXBuildFile; fileRef = F8E3C49B1AC49F6200FF35B7 /* InfoPlist.strings */; };
		F8E3C49F1AC49F6200FF35B7 /* MatchedUpTests.m in Sources */ = {isa = PBXBuildFile; fileRef = F8E3C49E1AC49F6200FF35B7 /* MatchedUpTests.m */; };
/* End PBXBuildFile section */

/* Begin PBXContainerItemProxy section */
		F8E3C4961AC49F6200FF35B7 /* PBXContainerItemProxy */ = {
			isa = PBXContainerItemProxy;
			containerPortal = F8E3C4651AC49F6200FF35B7 /* Project object */;
			proxyType = 1;
			remoteGlobalIDString = F8E3C46C1AC49F6200FF35B7;
			remoteInfo = MatchedUp;
		};
/* End PBXContainerItemProxy section */

/* Begin PBXFileReference section */
		F8E3C46D1AC49F6200FF35B7 /* MatchedUp.app */ = {isa = PBXFileReference; explicitFileType = wrapper.application; includeInIndex = 0; path = MatchedUp.app; sourceTree = BUILT_PRODUCTS_DIR; };
		F8E3C4701AC49F6200FF35B7 /* Foundation.framework */ = {isa = PBXFileReference; lastKnownFileType = wrapper.framework; name = Foundation.framework; path = System/Library/Frameworks/Foundation.framework; sourceTree = SDKROOT; };
		F8E3C4721AC49F6200FF35B7 /* CoreGraphics.framework */ = {isa = PBXFileReference; lastKnownFileType = wrapper.framework; name = CoreGraphics.framework; path = System/Library/Frameworks/CoreGraphics.framework; sourceTree = SDKROOT; };
		F8E3C4741AC49F6200FF35B7 /* UIKit.framework */ = {isa = PBXFileReference; lastKnownFileType = wrapper.framework; name = UIKit.framework; path = System/Library/Frameworks/UIKit.framework; sourceTree = SDKROOT; };
		F8E3C4781AC49F6200FF35B7 /* MatchedUp-Info.plist */ = {isa = PBXFileReference; lastKnownFileType = text.plist.xml; path = "MatchedUp-Info.plist"; sourceTree = "<group>"; };
		F8E3C47A1AC49F6200FF35B7 /* en */ = {isa = PBXFileReference; lastKnownFileType = text.plist.strings; name = en; path = en.lproj/InfoPlist.strings; sourceTree = "<group>"; };
		F8E3C47C1AC49F6200FF35B7 /* main.m */ = {isa = PBXFileReference; lastKnownFileType = sourcecode.c.objc; path = main.m; sourceTree = "<group>"; };
		F8E3C47E1AC49F6200FF35B7 /* MatchedUp-Prefix.pch */ = {isa = PBXFileReference; lastKnownFileType = sourcecode.c.h; path = "MatchedUp-Prefix.pch"; sourceTree = "<group>"; };
		F8E3C47F1AC49F6200FF35B7 /* CCAppDelegate.h */ = {isa = PBXFileReference; lastKnownFileType = sourcecode.c.h; path = CCAppDelegate.h; sourceTree = "<group>"; };
		F8E3C4801AC49F6200FF35B7 /* CCAppDelegate.m */ = {isa = PBXFileReference; lastKnownFileType = sourcecode.c.objc; path = CCAppDelegate.m; sourceTree = "<group>"; };
		F8E3C4831AC49F6200FF35B7 /* Base */ = {isa = PBXFileReference; lastKnownFileType = file.storyboard; name = Base; path = Base.lproj/Main.storyboard; sourceTree = "<group>"; };
		F8E3C4851AC49F6200FF35B7 /* CCFirstViewController.h */ = {isa = PBXFileReference; lastKnownFileType = sourcecode.c.h; path = CCFirstViewController.h; sourceTree = "<group>"; };
		F8E3C4861AC49F6200FF35B7 /* CCFirstViewController.m */ = {isa = PBXFileReference; lastKnownFileType = sourcecode.c.objc; path = CCFirstViewController.m; sourceTree = "<group>"; };
		F8E3C4881AC49F6200FF35B7 /* CCSecondViewController.h */ = {isa = PBXFileReference; lastKnownFileType = sourcecode.c.h; path = CCSecondViewController.h; sourceTree = "<group>"; };
		F8E3C4891AC49F6200FF35B7 /* CCSecondViewController.m */ = {isa = PBXFileReference; lastKnownFileType = sourcecode.c.objc; path = CCSecondViewController.m; sourceTree = "<group>"; };
		F8E3C48B1AC49F6200FF35B7 /* Images.xcassets */ = {isa = PBXFileReference; lastKnownFileType = folder.assetcatalog; path = Images.xcassets; sourceTree = "<group>"; };
		F8E3C4911AC49F6200FF35B7 /* MatchedUpTests.xctest */ = {isa = PBXFileReference; explicitFileType = wrapper.cfbundle; includeInIndex = 0; path = MatchedUpTests.xctest; sourceTree = BUILT_PRODUCTS_DIR; };
		F8E3C4921AC49F6200FF35B7 /* XCTest.framework */ = {isa = PBXFileReference; lastKnownFileType = wrapper.framework; name = XCTest.framework; path = Library/Frameworks/XCTest.framework; sourceTree = DEVELOPER_DIR; };
		F8E3C49A1AC49F6200FF35B7 /* MatchedUpTests-Info.plist */ = {isa = PBXFileReference; lastKnownFileType = text.plist.xml; path = "MatchedUpTests-Info.plist"; sourceTree = "<group>"; };
		F8E3C49C1AC49F6200FF35B7 /* en */ = {isa = PBXFileReference; lastKnownFileType = text.plist.strings; name = en; path = en.lproj/InfoPlist.strings; sourceTree = "<group>"; };
		F8E3C49E1AC49F6200FF35B7 /* MatchedUpTests.m */ = {isa = PBXFileReference; lastKnownFileType = sourcecode.c.objc; path = MatchedUpTests.m; sourceTree = "<group>"; };
/* End PBXFileReference section */

/* Begin PBXFrameworksBuildPhase section */
		F8E3C46A1AC49F6200FF35B7 /* Frameworks */ = {
			isa = PBXFrameworksBuildPhase;
			buildActionMask = 2147483647;
			files = (
				F8E3C4731AC49F6200FF35B7 /* CoreGraphics.framework in Frameworks */,
				F8E3C4751AC49F6200FF35B7 /* UIKit.framework in Frameworks */,
				F8E3C4711AC49F6200FF35B7 /* Foundation.framework in Frameworks */,
			);
			runOnlyForDeploymentPostprocessing = 0;
		};
		F8E3C48E1AC49F6200FF35B7 /* Frameworks */ = {
			isa = PBXFrameworksBuildPhase;
			buildActionMask = 2147483647;
			files = (
				F8E3C4931AC49F6200FF35B7 /* XCTest.framework in Frameworks */,
				F8E3C4951AC49F6200FF35B7 /* UIKit.framework in Frameworks */,
				F8E3C4941AC49F6200FF35B7 /* Foundation.framework in Frameworks */,
			);
			runOnlyForDeploymentPostprocessing = 0;
		};
/* End PBXFrameworksBuildPhase section */

/* Begin PBXGroup section */
		F8E3C4641AC49F6200FF35B7 = {
			isa = PBXGroup;
			children = (
				F8E3C4761AC49F6200FF35B7 /* MatchedUp */,
				F8E3C4981AC49F6200FF35B7 /* MatchedUpTests */,
				F8E3C46F1AC49F6200FF35B7 /* Frameworks */,
				F8E3C46E1AC49F6200FF35B7 /* Products */,
			);
			sourceTree = "<group>";
		};
		F8E3C46E1AC49F6200FF35B7 /* Products */ = {
			isa = PBXGroup;
			children = (
				F8E3C46D1AC49F6200FF35B7 /* MatchedUp.app */,
				F8E3C4911AC49F6200FF35B7 /* MatchedUpTests.xctest */,
			);
			name = Products;
			sourceTree = "<group>";
		};
		F8E3C46F1AC49F6200FF35B7 /* Frameworks */ = {
			isa = PBXGroup;
			children = (
				F8E3C4701AC49F6200FF35B7 /* Foundation.framework */,
				F8E3C4721AC49F6200FF35B7 /* CoreGraphics.framework */,
				F8E3C4741AC49F6200FF35B7 /* UIKit.framework */,
				F8E3C4921AC49F6200FF35B7 /* XCTest.framework */,
			);
			name = Frameworks;
			sourceTree = "<group>";
		};
		F8E3C4761AC49F6200FF35B7 /* MatchedUp */ = {
			isa = PBXGroup;
			children = (
				F8E3C47F1AC49F6200FF35B7 /* CCAppDelegate.h */,
				F8E3C4801AC49F6200FF35B7 /* CCAppDelegate.m */,
				F8E3C4821AC49F6200FF35B7 /* Main.storyboard */,
				F8E3C4851AC49F6200FF35B7 /* CCFirstViewController.h */,
				F8E3C4861AC49F6200FF35B7 /* CCFirstViewController.m */,
				F8E3C4881AC49F6200FF35B7 /* CCSecondViewController.h */,
				F8E3C4891AC49F6200FF35B7 /* CCSecondViewController.m */,
				F8E3C48B1AC49F6200FF35B7 /* Images.xcassets */,
				F8E3C4771AC49F6200FF35B7 /* Supporting Files */,
			);
			path = MatchedUp;
			sourceTree = "<group>";
		};
		F8E3C4771AC49F6200FF35B7 /* Supporting Files */ = {
			isa = PBXGroup;
			children = (
				F8E3C4781AC49F6200FF35B7 /* MatchedUp-Info.plist */,
				F8E3C4791AC49F6200FF35B7 /* InfoPlist.strings */,
				F8E3C47C1AC49F6200FF35B7 /* main.m */,
				F8E3C47E1AC49F6200FF35B7 /* MatchedUp-Prefix.pch */,
			);
			name = "Supporting Files";
			sourceTree = "<group>";
		};
		F8E3C4981AC49F6200FF35B7 /* MatchedUpTests */ = {
			isa = PBXGroup;
			children = (
				F8E3C49E1AC49F6200FF35B7 /* MatchedUpTests.m */,
				F8E3C4991AC49F6200FF35B7 /* Supporting Files */,
			);
			path = MatchedUpTests;
			sourceTree = "<group>";
		};
		F8E3C4991AC49F6200FF35B7 /* Supporting Files */ = {
			isa = PBXGroup;
			children = (
				F8E3C49A1AC49F6200FF35B7 /* MatchedUpTests-Info.plist */,
				F8E3C49B1AC49F6200FF35B7 /* InfoPlist.strings */,
			);
			name = "Supporting Files";
			sourceTree = "<group>";
		};
/* End PBXGroup section */

/* Begin PBXNativeTarget section */
		F8E3C46C1AC49F6200FF35B7 /* MatchedUp */ = {
			isa = PBXNativeTarget;
			buildConfigurationList = F8E3C4A21AC49F6200FF35B7 /* Build configuration list for PBXNativeTarget "MatchedUp" */;
			buildPhases = (
				F8E3C4691AC49F6200FF35B7 /* Sources */,
				F8E3C46A1AC49F6200FF35B7 /* Frameworks */,
				F8E3C46B1AC49F6200FF35B7 /* Resources */,
			);
			buildRules = (
			);
			dependencies = (
			);
			name = MatchedUp;
			productName = MatchedUp;
			productReference = F8E3C46D1AC49F6200FF35B7 /* MatchedUp.app */;
			productType = "com.apple.product-type.application";
		};
		F8E3C4901AC49F6200FF35B7 /* MatchedUpTests */ = {
			isa = PBXNativeTarget;
			buildConfigurationList = F8E3C4A51AC49F6200FF35B7 /* Build configuration list for PBXNativeTarget "MatchedUpTests" */;
			buildPhases = (
				F8E3C48D1AC49F6200FF35B7 /* Sources */,
				F8E3C48E1AC49F6200FF35B7 /* Frameworks */,
				F8E3C48F1AC49F6200FF35B7 /* Resources */,
			);
			buildRules = (
			);
			dependencies = (
				F8E3C4971AC49F6200FF35B7 /* PBXTargetDependency */,
			);
			name = MatchedUpTests;
			productName = MatchedUpTests;
			productReference = F8E3C4911AC49F6200FF35B7 /* MatchedUpTests.xctest */;
			productType = "com.apple.product-type.bundle.unit-test";
		};
/* End PBXNativeTarget section */

/* Begin PBXProject section */
		F8E3C4651AC49F6200FF35B7 /* Project object */ = {
			isa = PBXProject;
			attributes = {
				CLASSPREFIX = CC;
				LastUpgradeCheck = 0510;
				ORGANIZATIONNAME = DRoc;
				TargetAttributes = {
					F8E3C4901AC49F6200FF35B7 = {
						TestTargetID = F8E3C46C1AC49F6200FF35B7;
					};
				};
			};
			buildConfigurationList = F8E3C4681AC49F6200FF35B7 /* Build configuration list for PBXProject "MatchedUp" */;
			compatibilityVersion = "Xcode 3.2";
			developmentRegion = English;
			hasScannedForEncodings = 0;
			knownRegions = (
				en,
				Base,
			);
			mainGroup = F8E3C4641AC49F6200FF35B7;
			productRefGroup = F8E3C46E1AC49F6200FF35B7 /* Products */;
			projectDirPath = "";
			projectRoot = "";
			targets = (
				F8E3C46C1AC49F6200FF35B7 /* MatchedUp */,
				F8E3C4901AC49F6200FF35B7 /* MatchedUpTests */,
			);
		};
/* End PBXProject section */

/* Begin PBXResourcesBuildPhase section */
		F8E3C46B1AC49F6200FF35B7 /* Resources */ = {
			isa = PBXResourcesBuildPhase;
			buildActionMask = 2147483647;
			files = (
				F8E3C48C1AC49F6200FF35B7 /* Images.xcassets in Resources */,
				F8E3C47B1AC49F6200FF35B7 /* InfoPlist.strings in Resources */,
				F8E3C4841AC49F6200FF35B7 /* Main.storyboard in Resources */,
			);
			runOnlyForDeploymentPostprocessing = 0;
		};
		F8E3C48F1AC49F6200FF35B7 /* Resources */ = {
			isa = PBXResourcesBuildPhase;
			buildActionMask = 2147483647;
			files = (
				F8E3C49D1AC49F6200FF35B7 /* InfoPlist.strings in Resources */,
			);
			runOnlyForDeploymentPostprocessing = 0;
		};
/* End PBXResourcesBuildPhase section */

/* Begin PBXSourcesBuildPhase section */
		F8E3C4691AC49F6200FF35B7 /* Sources */ = {
			isa = PBXSourcesBuildPhase;
			buildActionMask = 2147483647;
			files = (
				F8E3C48A1AC49F6200FF35B7 /* CCSecondViewController.m in Sources */,
				F8E3C4811AC49F6200FF35B7 /* CCAppDelegate.m in Sources */,
				F8E3C4871AC49F6200FF35B7 /* CCFirstViewController.m in Sources */,
				F8E3C47D1AC49F6200FF35B7 /* main.m in Sources */,
			);
			runOnlyForDeploymentPostprocessing = 0;
		};
		F8E3C48D1AC49F6200FF35B7 /* Sources */ = {
			isa = PBXSourcesBuildPhase;
			buildActionMask = 2147483647;
			files = (
				F8E3C49F1AC49F6200FF35B7 /* MatchedUpTests.m in Sources */,
			);
			runOnlyForDeploymentPostprocessing = 0;
		};
/* End PBXSourcesBuildPhase section */

/* Begin PBXTargetDependency section */
		F8E3C4971AC49F6200FF35B7 /* PBXTargetDependency */ = {
			isa = PBXTargetDependency;
			target = F8E3C46C1AC49F6200FF35B7 /* MatchedUp */;
			targetProxy = F8E3C4961AC49F6200FF35B7 /* PBXContainerItemProxy */;
		};
/* End PBXTargetDependency section */

/* Begin PBXVariantGroup section */
		F8E3C4791AC49F6200FF35B7 /* InfoPlist.strings */ = {
			isa = PBXVariantGroup;
			children = (
				F8E3C47A1AC49F6200FF35B7 /* en */,
			);
			name = InfoPlist.strings;
			sourceTree = "<group>";
		};
		F8E3C4821AC49F6200FF35B7 /* Main.storyboard */ = {
			isa = PBXVariantGroup;
			children = (
				F8E3C4831AC49F6200FF35B7 /* Base */,
			);
			name = Main.storyboard;
			sourceTree = "<group>";
		};
		F8E3C49B1AC49F6200FF35B7 /* InfoPlist.strings */ = {
			isa = PBXVariantGroup;
			children = (
				F8E3C49C1AC49F6200FF35B7 /* en */,
			);
			name = InfoPlist.strings;
			sourceTree = "<group>";
		};
/* End PBXVariantGroup section */

/* Begin XCBuildConfiguration section */
		F8E3C4A01AC49F6200FF35B7 /* Debug */ = {
			isa = XCBuildConfiguration;
			buildSettings = {
				ALWAYS_SEARCH_USER_PATHS = NO;
				CLANG_CXX_LANGUAGE_STANDARD = "gnu++0x";
				CLANG_CXX_LIBRARY = "libc++";
				CLANG_ENABLE_MODULES = YES;
				CLANG_ENABLE_OBJC_ARC = YES;
				CLANG_WARN_BOOL_CONVERSION = YES;
				CLANG_WARN_CONSTANT_CONVERSION = YES;
				CLANG_WARN_DIRECT_OBJC_ISA_USAGE = YES_ERROR;
				CLANG_WARN_EMPTY_BODY = YES;
				CLANG_WARN_ENUM_CONVERSION = YES;
				CLANG_WARN_INT_CONVERSION = YES;
				CLANG_WARN_OBJC_ROOT_CLASS = YES_ERROR;
				CLANG_WARN__DUPLICATE_METHOD_MATCH = YES;
				"CODE_SIGN_IDENTITY[sdk=iphoneos*]" = "iPhone Developer";
				COPY_PHASE_STRIP = NO;
				GCC_C_LANGUAGE_STANDARD = gnu99;
				GCC_DYNAMIC_NO_PIC = NO;
				GCC_OPTIMIZATION_LEVEL = 0;
				GCC_PREPROCESSOR_DEFINITIONS = (
					"DEBUG=1",
					"$(inherited)",
				);
				GCC_SYMBOLS_PRIVATE_EXTERN = NO;
				GCC_WARN_64_TO_32_BIT_CONVERSION = YES;
				GCC_WARN_ABOUT_RETURN_TYPE = YES_ERROR;
				GCC_WARN_UNDECLARED_SELECTOR = YES;
				GCC_WARN_UNINITIALIZED_AUTOS = YES_AGGRESSIVE;
				GCC_WARN_UNUSED_FUNCTION = YES;
				GCC_WARN_UNUSED_VARIABLE = YES;
				IPHONEOS_DEPLOYMENT_TARGET = 7.1;
				ONLY_ACTIVE_ARCH = YES;
				SDKROOT = iphoneos;
			};
			name = Debug;
		};
		F8E3C4A11AC49F6200FF35B7 /* Release */ = {
			isa = XCBuildConfiguration;
			buildSettings = {
				ALWAYS_SEARCH_USER_PATHS = NO;
				CLANG_CXX_LANGUAGE_STANDARD = "gnu++0x";
				CLANG_CXX_LIBRARY = "libc++";
				CLANG_ENABLE_MODULES = YES;
				CLANG_ENABLE_OBJC_ARC = YES;
				CLANG_WARN_BOOL_CONVERSION = YES;
				CLANG_WARN_CONSTANT_CONVERSION = YES;
				CLANG_WARN_DIRECT_OBJC_ISA_USAGE = YES_ERROR;
				CLANG_WARN_EMPTY_BODY = YES;
				CLANG_WARN_ENUM_CONVERSION = YES;
				CLANG_WARN_INT_CONVERSION = YES;
				CLANG_WARN_OBJC_ROOT_CLASS = YES_ERROR;
				CLANG_WARN__DUPLICATE_METHOD_MATCH = YES;
				"CODE_SIGN_IDENTITY[sdk=iphoneos*]" = "iPhone Developer";
				COPY_PHASE_STRIP = YES;
				ENABLE_NS_ASSERTIONS = NO;
				GCC_C_LANGUAGE_STANDARD = gnu99;
				GCC_WARN_64_TO_32_BIT_CONVERSION = YES;
				GCC_WARN_ABOUT_RETURN_TYPE = YES_ERROR;
				GCC_WARN_UNDECLARED_SELECTOR = YES;
				GCC_WARN_UNINITIALIZED_AUTOS = YES_AGGRESSIVE;
				GCC_WARN_UNUSED_FUNCTION = YES;
				GCC_WARN_UNUSED_VARIABLE = YES;
				IPHONEOS_DEPLOYMENT_TARGET = 7.1;
				SDKROOT = iphoneos;
				VALIDATE_PRODUCT = YES;
			};
			name = Release;
		};
		F8E3C4A31AC49F6200FF35B7 /* Debug */ = {
			isa = XCBuildConfiguration;
			buildSettings = {
				ASSETCATALOG_COMPILER_APPICON_NAME = AppIcon;
				ASSETCATALOG_COMPILER_LAUNCHIMAGE_NAME = LaunchImage;
				GCC_PRECOMPILE_PREFIX_HEADER = YES;
				GCC_PREFIX_HEADER = "MatchedUp/MatchedUp-Prefix.pch";
				INFOPLIST_FILE = "MatchedUp/MatchedUp-Info.plist";
				PRODUCT_NAME = "$(TARGET_NAME)";
				WRAPPER_EXTENSION = app;
			};
			name = Debug;
		};
		F8E3C4A41AC49F6200FF35B7 /* Release */ = {
			isa = XCBuildConfiguration;
			buildSettings = {
				ASSETCATALOG_COMPILER_APPICON_NAME = AppIcon;
				ASSETCATALOG_COMPILER_LAUNCHIMAGE_NAME = LaunchImage;
				GCC_PRECOMPILE_PREFIX_HEADER = YES;
				GCC_PREFIX_HEADER = "MatchedUp/MatchedUp-Prefix.pch";
				INFOPLIST_FILE = "MatchedUp/MatchedUp-Info.plist";
				PRODUCT_NAME = "$(TARGET_NAME)";
				WRAPPER_EXTENSION = app;
			};
			name = Release;
		};
		F8E3C4A61AC49F6200FF35B7 /* Debug */ = {
			isa = XCBuildConfiguration;
			buildSettings = {
				BUNDLE_LOADER = "$(BUILT_PRODUCTS_DIR)/MatchedUp.app/MatchedUp";
				FRAMEWORK_SEARCH_PATHS = (
					"$(SDKROOT)/Developer/Library/Frameworks",
					"$(inherited)",
					"$(DEVELOPER_FRAMEWORKS_DIR)",
				);
				GCC_PRECOMPILE_PREFIX_HEADER = YES;
				GCC_PREFIX_HEADER = "MatchedUp/MatchedUp-Prefix.pch";
				GCC_PREPROCESSOR_DEFINITIONS = (
					"DEBUG=1",
					"$(inherited)",
				);
				INFOPLIST_FILE = "MatchedUpTests/MatchedUpTests-Info.plist";
				PRODUCT_NAME = "$(TARGET_NAME)";
				TEST_HOST = "$(BUNDLE_LOADER)";
				WRAPPER_EXTENSION = xctest;
			};
			name = Debug;
		};
		F8E3C4A71AC49F6200FF35B7 /* Release */ = {
			isa = XCBuildConfiguration;
			buildSettings = {
				BUNDLE_LOADER = "$(BUILT_PRODUCTS_DIR)/MatchedUp.app/MatchedUp";
				FRAMEWORK_SEARCH_PATHS = (
					"$(SDKROOT)/Developer/Library/Frameworks",
					"$(inherited)",
					"$(DEVELOPER_FRAMEWORKS_DIR)",
				);
				GCC_PRECOMPILE_PREFIX_HEADER = YES;
				GCC_PREFIX_HEADER = "MatchedUp/MatchedUp-Prefix.pch";
				INFOPLIST_FILE = "MatchedUpTests/MatchedUpTests-Info.plist";
				PRODUCT_NAME = "$(TARGET_NAME)";
				TEST_HOST = "$(BUNDLE_LOADER)";
				WRAPPER_EXTENSION = xctest;
			};
			name = Release;
		};
/* End XCBuildConfiguration section */

/* Begin XCConfigurationList section */
		F8E3C4681AC49F6200FF35B7 /* Build configuration list for PBXProject "MatchedUp" */ = {
			isa = XCConfigurationList;
			buildConfigurations = (
				F8E3C4A01AC49F6200FF35B7 /* Debug */,
				F8E3C4A11AC49F6200FF35B7 /* Release */,
			);
			defaultConfigurationIsVisible = 0;
			defaultConfigurationName = Release;
		};
		F8E3C4A21AC49F6200FF35B7 /* Build configuration list for PBXNativeTarget "MatchedUp" */ = {
			isa = XCConfigurationList;
			buildConfigurations = (
				F8E3C4A31AC49F6200FF35B7 /* Debug */,
				F8E3C4A41AC49F6200FF35B7 /* Release */,
			);
			defaultConfigurationIsVisible = 0;
		};
		F8E3C4A51AC49F6200FF35B7 /* Build configuration list for PBXNativeTarget "MatchedUpTests" */ = {
			isa = XCConfigurationList;
			buildConfigurations = (
				F8E3C4A61AC49F6200FF35B7 /* Debug */,
				F8E3C4A71AC49F6200FF35B7 /* Release */,
			);
			defaultConfigurationIsVisible = 0;
		};
/* End XCConfigurationList section */
	};
	rootObject = F8E3C4651AC49F6200FF35B7 /* Project object */;
}
